
Microsoft Visual Studio Solution File, Format Version 12.00
# Visual Studio 2012
Project("{FAE04EC0-301F-11D3-BF4B-00C04F79EFBC}") = "OkeuvoLite", "OkeuvoLite\OkeuvoLite.csproj", "{C5C5843F-010F-40BC-89FF-70E040D6E68E}"
EndProject
Project("{FAE04EC0-301F-11D3-BF4B-00C04F79EFBC}") = "ClauseStructureParser", "ClauseStructureParser\ClauseStructureParser.csproj", "{ACBB10D1-C10D-47C6-BFBA-C218D66AD8F4}"
EndProject
Project("{FAE04EC0-301F-11D3-BF4B-00C04F79EFBC}") = "Sample", "Sample\Sample.csproj", "{23A9A43D-77FC-4EB2-B952-08DB6D57E578}"
EndProject
Global
	GlobalSection(SolutionConfigurationPlatforms) = preSolution
		Debug|Any CPU = Debug|Any CPU
		Release|Any CPU = Release|Any CPU
	EndGlobalSection
	GlobalSection(ProjectConfigurationPlatforms) = postSolution
		{23A9A43D-77FC-4EB2-B952-08DB6D57E578}.Debug|Any CPU.ActiveCfg = Debug|Any CPU
		{23A9A43D-77FC-4EB2-B952-08DB6D57E578}.Debug|Any CPU.Build.0 = Debug|Any CPU
		{23A9A43D-77FC-4EB2-B952-08DB6D57E578}.Release|Any CPU.ActiveCfg = Release|Any CPU
		{23A9A43D-77FC-4EB2-B952-08DB6D57E578}.Release|Any CPU.Build.0 = Release|Any CPU
		{ACBB10D1-C10D-47C6-BFBA-C218D66AD8F4}.Debug|Any CPU.ActiveCfg = Debug|Any CPU
		{ACBB10D1-C10D-47C6-BFBA-C218D66AD8F4}.Debug|Any CPU.Build.0 = Debug|Any CPU
		{ACBB10D1-C10D-47C6-BFBA-C218D66AD8F4}.Release|Any CPU.ActiveCfg = Release|Any CPU
		{ACBB10D1-C10D-47C6-BFBA-C218D66AD8F4}.Release|Any CPU.Build.0 = Release|Any CPU
		{C5C5843F-010F-40BC-89FF-70E040D6E68E}.Debug|Any CPU.ActiveCfg = Debug|Any CPU
		{C5C5843F-010F-40BC-89FF-70E040D6E68E}.Debug|Any CPU.Build.0 = Debug|Any CPU
		{C5C5843F-010F-40BC-89FF-70E040D6E68E}.Release|Any CPU.ActiveCfg = Release|Any CPU
		{C5C5843F-010F-40BC-89FF-70E040D6E68E}.Release|Any CPU.Build.0 = Release|Any CPU
	EndGlobalSection
EndGlobal
